
Microsoft Visual Studio Solution File, Format Version 12.00
# Visual Studio Version 17
VisualStudioVersion = 17.2.32526.322
MinimumVisualStudioVersion = 10.0.40219.1
Project("{FAE04EC0-301F-11D3-BF4B-00C04F79EFBC}") = "PruebaXamarin.Android", "PruebaXamarin\PruebaXamarin.Android\PruebaXamarin.Android.csproj", "{8711DF3A-D078-411E-A4ED-B549084EE95B}"
EndProject
Project("{FAE04EC0-301F-11D3-BF4B-00C04F79EFBC}") = "PruebaXamarin.iOS", "PruebaXamarin\PruebaXamarin.iOS\PruebaXamarin.iOS.csproj", "{12072833-6244-4899-9BB7-4360AFB05CA4}"
EndProject
Project("{9A19103F-16F7-4668-BE54-9A1E7A4F7556}") = "PruebaXamarin", "PruebaXamarin\PruebaXamarin\PruebaXamarin.csproj", "{BF7805EB-0B31-4C1C-81B3-6180740CAAD4}"
EndProject
Project("{FAE04EC0-301F-11D3-BF4B-00C04F79EFBC}") = "XamarinComponentes.Android", "XamarinComponentes\XamarinComponentes.Android\XamarinComponentes.Android.csproj", "{6E7B787B-FF5C-443A-923A-73635560FBD2}"
EndProject
Project("{FAE04EC0-301F-11D3-BF4B-00C04F79EFBC}") = "XamarinComponentes.iOS", "XamarinComponentes\XamarinComponentes.iOS\XamarinComponentes.iOS.csproj", "{B428BF8A-EB89-415E-AD3E-764AF8D4A7A8}"
EndProject
Project("{FAE04EC0-301F-11D3-BF4B-00C04F79EFBC}") = "XamarinComponentes", "XamarinComponentes\XamarinComponentes\XamarinComponentes.csproj", "{67DDD41F-902C-43F0-9496-871D62FB4F3B}"
EndProject
Global
	GlobalSection(SolutionConfigurationPlatforms) = preSolution
		Debug|Any CPU = Debug|Any CPU
		Debug|iPhone = Debug|iPhone
		Debug|iPhoneSimulator = Debug|iPhoneSimulator
		Release|Any CPU = Release|Any CPU
		Release|iPhone = Release|iPhone
		Release|iPhoneSimulator = Release|iPhoneSimulator
	EndGlobalSection
	GlobalSection(ProjectConfigurationPlatforms) = postSolution
		{8711DF3A-D078-411E-A4ED-B549084EE95B}.Debug|Any CPU.ActiveCfg = Debug|Any CPU
		{8711DF3A-D078-411E-A4ED-B549084EE95B}.Debug|Any CPU.Build.0 = Debug|Any CPU
		{8711DF3A-D078-411E-A4ED-B549084EE95B}.Debug|Any CPU.Deploy.0 = Debug|Any CPU
		{8711DF3A-D078-411E-A4ED-B549084EE95B}.Debug|iPhone.ActiveCfg = Debug|Any CPU
		{8711DF3A-D078-411E-A4ED-B549084EE95B}.Debug|iPhone.Build.0 = Debug|Any CPU
		{8711DF3A-D078-411E-A4ED-B549084EE95B}.Debug|iPhone.Deploy.0 = Debug|Any CPU
		{8711DF3A-D078-411E-A4ED-B549084EE95B}.Debug|iPhoneSimulator.ActiveCfg = Debug|Any CPU
		{8711DF3A-D078-411E-A4ED-B549084EE95B}.Debug|iPhoneSimulator.Build.0 = Debug|Any CPU
		{8711DF3A-D078-411E-A4ED-B549084EE95B}.Debug|iPhoneSimulator.Deploy.0 = Debug|Any CPU
		{8711DF3A-D078-411E-A4ED-B549084EE95B}.Release|Any CPU.ActiveCfg = Release|Any CPU
		{8711DF3A-D078-411E-A4ED-B549084EE95B}.Release|Any CPU.Build.0 = Release|Any CPU
		{8711DF3A-D078-411E-A4ED-B549084EE95B}.Release|Any CPU.Deploy.0 = Release|Any CPU
		{8711DF3A-D078-411E-A4ED-B549084EE95B}.Release|iPhone.ActiveCfg = Release|Any CPU
		{8711DF3A-D078-411E-A4ED-B549084EE95B}.Release|iPhone.Build.0 = Release|Any CPU
		{8711DF3A-D078-411E-A4ED-B549084EE95B}.Release|iPhone.Deploy.0 = Release|Any CPU
		{8711DF3A-D078-411E-A4ED-B549084EE95B}.Release|iPhoneSimulator.ActiveCfg = Release|Any CPU
		{8711DF3A-D078-411E-A4ED-B549084EE95B}.Release|iPhoneSimulator.Build.0 = Release|Any CPU
		{8711DF3A-D078-411E-A4ED-B549084EE95B}.Release|iPhoneSimulator.Deploy.0 = Release|Any CPU
		{12072833-6244-4899-9BB7-4360AFB05CA4}.Debug|Any CPU.ActiveCfg = Debug|iPhone
		{12072833-6244-4899-9BB7-4360AFB05CA4}.Debug|Any CPU.Build.0 = Debug|iPhone
		{12072833-6244-4899-9BB7-4360AFB05CA4}.Debug|Any CPU.Deploy.0 = Debug|iPhone
		{12072833-6244-4899-9BB7-4360AFB05CA4}.Debug|iPhone.ActiveCfg = Debug|iPhone
		{12072833-6244-4899-9BB7-4360AFB05CA4}.Debug|iPhone.Build.0 = Debug|iPhone
		{12072833-6244-4899-9BB7-4360AFB05CA4}.Debug|iPhone.Deploy.0 = Debug|iPhone
		{12072833-6244-4899-9BB7-4360AFB05CA4}.Debug|iPhoneSimulator.ActiveCfg = Debug|iPhoneSimulator
		{12072833-6244-4899-9BB7-4360AFB05CA4}.Debug|iPhoneSimulator.Build.0 = Debug|iPhoneSimulator
		{12072833-6244-4899-9BB7-4360AFB05CA4}.Debug|iPhoneSimulator.Deploy.0 = Debug|iPhoneSimulator
		{12072833-6244-4899-9BB7-4360AFB05CA4}.Release|Any CPU.ActiveCfg = Release|iPhoneSimulator
		{12072833-6244-4899-9BB7-4360AFB05CA4}.Release|Any CPU.Build.0 = Release|iPhoneSimulator
		{12072833-6244-4899-9BB7-4360AFB05CA4}.Release|Any CPU.Deploy.0 = Release|iPhoneSimulator
		{12072833-6244-4899-9BB7-4360AFB05CA4}.Release|iPhone.ActiveCfg = Release|iPhone
		{12072833-6244-4899-9BB7-4360AFB05CA4}.Release|iPhone.Build.0 = Release|iPhone
		{12072833-6244-4899-9BB7-4360AFB05CA4}.Release|iPhone.Deploy.0 = Release|iPhone
		{12072833-6244-4899-9BB7-4360AFB05CA4}.Release|iPhoneSimulator.ActiveCfg = Release|iPhoneSimulator
		{12072833-6244-4899-9BB7-4360AFB05CA4}.Release|iPhoneSimulator.Build.0 = Release|iPhoneSimulator
		{12072833-6244-4899-9BB7-4360AFB05CA4}.Release|iPhoneSimulator.Deploy.0 = Release|iPhoneSimulator
		{BF7805EB-0B31-4C1C-81B3-6180740CAAD4}.Debug|Any CPU.ActiveCfg = Debug|Any CPU
		{BF7805EB-0B31-4C1C-81B3-6180740CAAD4}.Debug|Any CPU.Build.0 = Debug|Any CPU
		{BF7805EB-0B31-4C1C-81B3-6180740CAAD4}.Debug|Any CPU.Deploy.0 = Debug|Any CPU
		{BF7805EB-0B31-4C1C-81B3-6180740CAAD4}.Debug|iPhone.ActiveCfg = Debug|Any CPU
		{BF7805EB-0B31-4C1C-81B3-6180740CAAD4}.Debug|iPhone.Build.0 = Debug|Any CPU
		{BF7805EB-0B31-4C1C-81B3-6180740CAAD4}.Debug|iPhone.Deploy.0 = Debug|Any CPU
		{BF7805EB-0B31-4C1C-81B3-6180740CAAD4}.Debug|iPhoneSimulator.ActiveCfg = Debug|Any CPU
		{BF7805EB-0B31-4C1C-81B3-6180740CAAD4}.Debug|iPhoneSimulator.Build.0 = Debug|Any CPU
		{BF7805EB-0B31-4C1C-81B3-6180740CAAD4}.Debug|iPhoneSimulator.Deploy.0 = Debug|Any CPU
		{BF7805EB-0B31-4C1C-81B3-6180740CAAD4}.Release|Any CPU.ActiveCfg = Release|Any CPU
		{BF7805EB-0B31-4C1C-81B3-6180740CAAD4}.Release|Any CPU.Build.0 = Release|Any CPU
		{BF7805EB-0B31-4C1C-81B3-6180740CAAD4}.Release|Any CPU.Deploy.0 = Release|Any CPU
		{BF7805EB-0B31-4C1C-81B3-6180740CAAD4}.Release|iPhone.ActiveCfg = Release|Any CPU
		{BF7805EB-0B31-4C1C-81B3-6180740CAAD4}.Release|iPhone.Build.0 = Release|Any CPU
		{BF7805EB-0B31-4C1C-81B3-6180740CAAD4}.Release|iPhone.Deploy.0 = Release|Any CPU
		{BF7805EB-0B31-4C1C-81B3-6180740CAAD4}.Release|iPhoneSimulator.ActiveCfg = Release|Any CPU
		{BF7805EB-0B31-4C1C-81B3-6180740CAAD4}.Release|iPhoneSimulator.Build.0 = Release|Any CPU
		{BF7805EB-0B31-4C1C-81B3-6180740CAAD4}.Release|iPhoneSimulator.Deploy.0 = Release|Any CPU
		{6E7B787B-FF5C-443A-923A-73635560FBD2}.Debug|Any CPU.ActiveCfg = Debug|Any CPU
		{6E7B787B-FF5C-443A-923A-73635560FBD2}.Debug|Any CPU.Build.0 = Debug|Any CPU
		{6E7B787B-FF5C-443A-923A-73635560FBD2}.Debug|Any CPU.Deploy.0 = Debug|Any CPU
		{6E7B787B-FF5C-443A-923A-73635560FBD2}.Debug|iPhone.ActiveCfg = Debug|Any CPU
		{6E7B787B-FF5C-443A-923A-73635560FBD2}.Debug|iPhone.Build.0 = Debug|Any CPU
		{6E7B787B-FF5C-443A-923A-73635560FBD2}.Debug|iPhone.Deploy.0 = Debug|Any CPU
		{6E7B787B-FF5C-443A-923A-73635560FBD2}.Debug|iPhoneSimulator.ActiveCfg = Debug|Any CPU
		{6E7B787B-FF5C-443A-923A-73635560FBD2}.Debug|iPhoneSimulator.Build.0 = Debug|Any CPU
		{6E7B787B-FF5C-443A-923A-73635560FBD2}.Debug|iPhoneSimulator.Deploy.0 = Debug|Any CPU
		{6E7B787B-FF5C-443A-923A-73635560FBD2}.Release|Any CPU.ActiveCfg = Release|Any CPU
		{6E7B787B-FF5C-443A-923A-73635560FBD2}.Release|Any CPU.Build.0 = Release|Any CPU
		{6E7B787B-FF5C-443A-923A-73635560FBD2}.Release|Any CPU.Deploy.0 = Release|Any CPU
		{6E7B787B-FF5C-443A-923A-73635560FBD2}.Release|iPhone.ActiveCfg = Release|Any CPU
		{6E7B787B-FF5C-443A-923A-73635560FBD2}.Release|iPhone.Build.0 = Release|Any CPU
		{6E7B787B-FF5C-443A-923A-73635560FBD2}.Release|iPhone.Deploy.0 = Release|Any CPU
		{6E7B787B-FF5C-443A-923A-73635560FBD2}.Release|iPhoneSimulator.ActiveCfg = Release|Any CPU
		{6E7B787B-FF5C-443A-923A-73635560FBD2}.Release|iPhoneSimulator.Build.0 = Release|Any CPU
		{6E7B787B-FF5C-443A-923A-73635560FBD2}.Release|iPhoneSimulator.Deploy.0 = Release|Any CPU
		{B428BF8A-EB89-415E-AD3E-764AF8D4A7A8}.Debug|Any CPU.ActiveCfg = Debug|iPhoneSimulator
		{B428BF8A-EB89-415E-AD3E-764AF8D4A7A8}.Debug|Any CPU.Build.0 = Debug|iPhoneSimulator
		{B428BF8A-EB89-415E-AD3E-764AF8D4A7A8}.Debug|iPhone.ActiveCfg = Debug|iPhone
		{B428BF8A-EB89-415E-AD3E-764AF8D4A7A8}.Debug|iPhone.Build.0 = Debug|iPhone
		{B428BF8A-EB89-415E-AD3E-764AF8D4A7A8}.Debug|iPhoneSimulator.ActiveCfg = Debug|iPhoneSimulator
		{B428BF8A-EB89-415E-AD3E-764AF8D4A7A8}.Debug|iPhoneSimulator.Build.0 = Debug|iPhoneSimulator
		{B428BF8A-EB89-415E-AD3E-764AF8D4A7A8}.Release|Any CPU.ActiveCfg = Release|iPhoneSimulator
		{B428BF8A-EB89-415E-AD3E-764AF8D4A7A8}.Release|Any CPU.Build.0 = Release|iPhoneSimulator
		{B428BF8A-EB89-415E-AD3E-764AF8D4A7A8}.Release|iPhone.ActiveCfg = Release|iPhone
		{B428BF8A-EB89-415E-AD3E-764AF8D4A7A8}.Release|iPhone.Build.0 = Release|iPhone
		{B428BF8A-EB89-415E-AD3E-764AF8D4A7A8}.Release|iPhoneSimulator.ActiveCfg = Release|iPhoneSimulator
		{B428BF8A-EB89-415E-AD3E-764AF8D4A7A8}.Release|iPhoneSimulator.Build.0 = Release|iPhoneSimulator
		{67DDD41F-902C-43F0-9496-871D62FB4F3B}.Debug|Any CPU.ActiveCfg = Debug|Any CPU
		{67DDD41F-902C-43F0-9496-871D62FB4F3B}.Debug|Any CPU.Build.0 = Debug|Any CPU
		{67DDD41F-902C-43F0-9496-871D62FB4F3B}.Debug|iPhone.ActiveCfg = Debug|Any CPU
		{67DDD41F-902C-43F0-9496-871D62FB4F3B}.Debug|iPhone.Build.0 = Debug|Any CPU
		{67DDD41F-902C-43F0-9496-871D62FB4F3B}.Debug|iPhoneSimulator.ActiveCfg = Debug|Any CPU
		{67DDD41F-902C-43F0-9496-871D62FB4F3B}.Debug|iPhoneSimulator.Build.0 = Debug|Any CPU
		{67DDD41F-902C-43F0-9496-871D62FB4F3B}.Release|Any CPU.ActiveCfg = Release|Any CPU
		{67DDD41F-902C-43F0-9496-871D62FB4F3B}.Release|Any CPU.Build.0 = Release|Any CPU
		{67DDD41F-902C-43F0-9496-871D62FB4F3B}.Release|iPhone.ActiveCfg = Release|Any CPU
		{67DDD41F-902C-43F0-9496-871D62FB4F3B}.Release|iPhone.Build.0 = Release|Any CPU
		{67DDD41F-902C-43F0-9496-871D62FB4F3B}.Release|iPhoneSimulator.ActiveCfg = Release|Any CPU
		{67DDD41F-902C-43F0-9496-871D62FB4F3B}.Release|iPhoneSimulator.Build.0 = Release|Any CPU
	EndGlobalSection
	GlobalSection(SolutionProperties) = preSolution
		HideSolutionNode = FALSE
	EndGlobalSection
	GlobalSection(ExtensibilityGlobals) = postSolution
		SolutionGuid = {51A1715A-C7AD-4940-A7B8-C1495959A682}
	EndGlobalSection
EndGlobal
